// !$*UTF8*$!
{
	archiveVersion = 1;
	classes = {
	};
	objectVersion = 56;
	objects = {

/* Begin PBXBuildFile section */
		82136B4C297DCFFD00EAF1E0 /* LoginViewController.swift in Sources */ = {isa = PBXBuildFile; fileRef = 82136B4B297DCFFD00EAF1E0 /* LoginViewController.swift */; };
		82136B4F297DD06400EAF1E0 /* LoginView.swift in Sources */ = {isa = PBXBuildFile; fileRef = 82136B4E297DD06400EAF1E0 /* LoginView.swift */; };
		82136B52297DD38700EAF1E0 /* UIColor+.swift in Sources */ = {isa = PBXBuildFile; fileRef = 82136B51297DD38700EAF1E0 /* UIColor+.swift */; };
		82136B58297DDC1800EAF1E0 /* RegisterViewController.swift in Sources */ = {isa = PBXBuildFile; fileRef = 82136B57297DDC1800EAF1E0 /* RegisterViewController.swift */; };
		82136B5A297DDC2C00EAF1E0 /* RegisterView.swift in Sources */ = {isa = PBXBuildFile; fileRef = 82136B59297DDC2C00EAF1E0 /* RegisterView.swift */; };
		82136B5E297E0B0500EAF1E0 /* RegisterTableViewCell.swift in Sources */ = {isa = PBXBuildFile; fileRef = 82136B5C297E0B0500EAF1E0 /* RegisterTableViewCell.swift */; };
		82136B5F297E0B0500EAF1E0 /* RegisterTableViewCell.xib in Resources */ = {isa = PBXBuildFile; fileRef = 82136B5D297E0B0500EAF1E0 /* RegisterTableViewCell.xib */; };
		8282C433297E168100E0B4EF /* RegisterViewModel.swift in Sources */ = {isa = PBXBuildFile; fileRef = 8282C432297E168100E0B4EF /* RegisterViewModel.swift */; };
		8282C436297E181F00E0B4EF /* Forms.swift in Sources */ = {isa = PBXBuildFile; fileRef = 8282C435297E181F00E0B4EF /* Forms.swift */; };
		8282C43B297EC65800E0B4EF /* LoginTableViewCell.swift in Sources */ = {isa = PBXBuildFile; fileRef = 8282C439297EC65800E0B4EF /* LoginTableViewCell.swift */; };
		8282C43C297EC65800E0B4EF /* LoginTableViewCell.xib in Resources */ = {isa = PBXBuildFile; fileRef = 8282C43A297EC65800E0B4EF /* LoginTableViewCell.xib */; };
		8282C43E297EDACF00E0B4EF /* GoogleService-Info.plist in Resources */ = {isa = PBXBuildFile; fileRef = 8282C43D297EDACE00E0B4EF /* GoogleService-Info.plist */; };
		8282C441297EDB9700E0B4EF /* RegEx.swift in Sources */ = {isa = PBXBuildFile; fileRef = 8282C440297EDB9700E0B4EF /* RegEx.swift */; };
		8282C443297EDDD900E0B4EF /* Alert.swift in Sources */ = {isa = PBXBuildFile; fileRef = 8282C442297EDDD900E0B4EF /* Alert.swift */; };
		82E5A9F9297DC44500F249A9 /* AppDelegate.swift in Sources */ = {isa = PBXBuildFile; fileRef = 82E5A9F8297DC44500F249A9 /* AppDelegate.swift */; };
		82E5A9FB297DC44500F249A9 /* SceneDelegate.swift in Sources */ = {isa = PBXBuildFile; fileRef = 82E5A9FA297DC44500F249A9 /* SceneDelegate.swift */; };
		82E5AA02297DC44800F249A9 /* Assets.xcassets in Resources */ = {isa = PBXBuildFile; fileRef = 82E5AA01297DC44800F249A9 /* Assets.xcassets */; };
		82E5AA05297DC44800F249A9 /* LaunchScreen.storyboard in Resources */ = {isa = PBXBuildFile; fileRef = 82E5AA03297DC44800F249A9 /* LaunchScreen.storyboard */; };
		82E5AA0E297DC94B00F249A9 /* FirebaseAuth in Frameworks */ = {isa = PBXBuildFile; productRef = 82E5AA0D297DC94B00F249A9 /* FirebaseAuth */; };
		82E5AA10297DC94B00F249A9 /* FirebaseFirestore in Frameworks */ = {isa = PBXBuildFile; productRef = 82E5AA0F297DC94B00F249A9 /* FirebaseFirestore */; };
/* End PBXBuildFile section */

/* Begin PBXFileReference section */
		82136B4B297DCFFD00EAF1E0 /* LoginViewController.swift */ = {isa = PBXFileReference; fileEncoding = 4; lastKnownFileType = sourcecode.swift; path = LoginViewController.swift; sourceTree = "<group>"; };
		82136B4E297DD06400EAF1E0 /* LoginView.swift */ = {isa = PBXFileReference; lastKnownFileType = sourcecode.swift; path = LoginView.swift; sourceTree = "<group>"; };
		82136B51297DD38700EAF1E0 /* UIColor+.swift */ = {isa = PBXFileReference; lastKnownFileType = sourcecode.swift; path = "UIColor+.swift"; sourceTree = "<group>"; };
		82136B57297DDC1800EAF1E0 /* RegisterViewController.swift */ = {isa = PBXFileReference; lastKnownFileType = sourcecode.swift; path = RegisterViewController.swift; sourceTree = "<group>"; };
		82136B59297DDC2C00EAF1E0 /* RegisterView.swift */ = {isa = PBXFileReference; lastKnownFileType = sourcecode.swift; path = RegisterView.swift; sourceTree = "<group>"; };
		82136B5C297E0B0500EAF1E0 /* RegisterTableViewCell.swift */ = {isa = PBXFileReference; lastKnownFileType = sourcecode.swift; path = RegisterTableViewCell.swift; sourceTree = "<group>"; };
		82136B5D297E0B0500EAF1E0 /* RegisterTableViewCell.xib */ = {isa = PBXFileReference; lastKnownFileType = file.xib; path = RegisterTableViewCell.xib; sourceTree = "<group>"; };
		8282C432297E168100E0B4EF /* RegisterViewModel.swift */ = {isa = PBXFileReference; lastKnownFileType = sourcecode.swift; path = RegisterViewModel.swift; sourceTree = "<group>"; };
		8282C435297E181F00E0B4EF /* Forms.swift */ = {isa = PBXFileReference; lastKnownFileType = sourcecode.swift; path = Forms.swift; sourceTree = "<group>"; };
		8282C439297EC65800E0B4EF /* LoginTableViewCell.swift */ = {isa = PBXFileReference; lastKnownFileType = sourcecode.swift; path = LoginTableViewCell.swift; sourceTree = "<group>"; };
		8282C43A297EC65800E0B4EF /* LoginTableViewCell.xib */ = {isa = PBXFileReference; lastKnownFileType = file.xib; path = LoginTableViewCell.xib; sourceTree = "<group>"; };
		8282C43D297EDACE00E0B4EF /* GoogleService-Info.plist */ = {isa = PBXFileReference; fileEncoding = 4; lastKnownFileType = text.plist.xml; path = "GoogleService-Info.plist"; sourceTree = "<group>"; };
		8282C440297EDB9700E0B4EF /* RegEx.swift */ = {isa = PBXFileReference; lastKnownFileType = sourcecode.swift; path = RegEx.swift; sourceTree = "<group>"; };
		8282C442297EDDD900E0B4EF /* Alert.swift */ = {isa = PBXFileReference; lastKnownFileType = sourcecode.swift; path = Alert.swift; sourceTree = "<group>"; };
		82E5A9F5297DC44500F249A9 /* Renova.app */ = {isa = PBXFileReference; explicitFileType = wrapper.application; includeInIndex = 0; path = Renova.app; sourceTree = BUILT_PRODUCTS_DIR; };
		82E5A9F8297DC44500F249A9 /* AppDelegate.swift */ = {isa = PBXFileReference; lastKnownFileType = sourcecode.swift; path = AppDelegate.swift; sourceTree = "<group>"; };
		82E5A9FA297DC44500F249A9 /* SceneDelegate.swift */ = {isa = PBXFileReference; lastKnownFileType = sourcecode.swift; path = SceneDelegate.swift; sourceTree = "<group>"; };
		82E5AA01297DC44800F249A9 /* Assets.xcassets */ = {isa = PBXFileReference; lastKnownFileType = folder.assetcatalog; path = Assets.xcassets; sourceTree = "<group>"; };
		82E5AA04297DC44800F249A9 /* Base */ = {isa = PBXFileReference; lastKnownFileType = file.storyboard; name = Base; path = Base.lproj/LaunchScreen.storyboard; sourceTree = "<group>"; };
		82E5AA06297DC44900F249A9 /* Info.plist */ = {isa = PBXFileReference; lastKnownFileType = text.plist.xml; path = Info.plist; sourceTree = "<group>"; };
/* End PBXFileReference section */

/* Begin PBXFrameworksBuildPhase section */
		82E5A9F2297DC44500F249A9 /* Frameworks */ = {
			isa = PBXFrameworksBuildPhase;
			buildActionMask = 2147483647;
			files = (
				82E5AA0E297DC94B00F249A9 /* FirebaseAuth in Frameworks */,
				82E5AA10297DC94B00F249A9 /* FirebaseFirestore in Frameworks */,
			);
			runOnlyForDeploymentPostprocessing = 0;
		};
/* End PBXFrameworksBuildPhase section */

/* Begin PBXGroup section */
		82136B50297DD37800EAF1E0 /* Extensions */ = {
			isa = PBXGroup;
			children = (
				82136B51297DD38700EAF1E0 /* UIColor+.swift */,
			);
			path = Extensions;
			sourceTree = "<group>";
		};
		82136B53297DDAEC00EAF1E0 /* Register */ = {
			isa = PBXGroup;
			children = (
				82136B5B297E0AE600EAF1E0 /* TableViewCell */,
				82136B55297DDAF400EAF1E0 /* RegisterView */,
				82136B54297DDAEF00EAF1E0 /* RegisterViewController */,
				82136B56297DDB0400EAF1E0 /* RegisterViewModel */,
			);
			path = Register;
			sourceTree = "<group>";
		};
		82136B54297DDAEF00EAF1E0 /* RegisterViewController */ = {
			isa = PBXGroup;
			children = (
				82136B57297DDC1800EAF1E0 /* RegisterViewController.swift */,
			);
			path = RegisterViewController;
			sourceTree = "<group>";
		};
		82136B55297DDAF400EAF1E0 /* RegisterView */ = {
			isa = PBXGroup;
			children = (
				82136B59297DDC2C00EAF1E0 /* RegisterView.swift */,
			);
			path = RegisterView;
			sourceTree = "<group>";
		};
		82136B56297DDB0400EAF1E0 /* RegisterViewModel */ = {
			isa = PBXGroup;
			children = (
				8282C432297E168100E0B4EF /* RegisterViewModel.swift */,
			);
			path = RegisterViewModel;
			sourceTree = "<group>";
		};
		82136B5B297E0AE600EAF1E0 /* TableViewCell */ = {
			isa = PBXGroup;
			children = (
				82136B60297E117900EAF1E0 /* RegisterCell */,
			);
			path = TableViewCell;
			sourceTree = "<group>";
		};
		82136B60297E117900EAF1E0 /* RegisterCell */ = {
			isa = PBXGroup;
			children = (
				82136B5C297E0B0500EAF1E0 /* RegisterTableViewCell.swift */,
				82136B5D297E0B0500EAF1E0 /* RegisterTableViewCell.xib */,
			);
			path = RegisterCell;
			sourceTree = "<group>";
		};
		8282C434297E180D00E0B4EF /* Model */ = {
			isa = PBXGroup;
			children = (
				8282C435297E181F00E0B4EF /* Forms.swift */,
			);
			path = Model;
			sourceTree = "<group>";
		};
		8282C437297EC63A00E0B4EF /* TableViewCell */ = {
			isa = PBXGroup;
			children = (
				8282C438297EC64000E0B4EF /* LoginCell */,
			);
			path = TableViewCell;
			sourceTree = "<group>";
		};
		8282C438297EC64000E0B4EF /* LoginCell */ = {
			isa = PBXGroup;
			children = (
				8282C439297EC65800E0B4EF /* LoginTableViewCell.swift */,
				8282C43A297EC65800E0B4EF /* LoginTableViewCell.xib */,
			);
			path = LoginCell;
			sourceTree = "<group>";
		};
		8282C43F297EDB8A00E0B4EF /* Utils */ = {
			isa = PBXGroup;
			children = (
				8282C440297EDB9700E0B4EF /* RegEx.swift */,
				8282C442297EDDD900E0B4EF /* Alert.swift */,
			);
			path = Utils;
			sourceTree = "<group>";
		};
		82E5A9EC297DC44500F249A9 = {
			isa = PBXGroup;
			children = (
				82E5A9F7297DC44500F249A9 /* Renova */,
				82E5A9F6297DC44500F249A9 /* Products */,
			);
			sourceTree = "<group>";
		};
		82E5A9F6297DC44500F249A9 /* Products */ = {
			isa = PBXGroup;
			children = (
				82E5A9F5297DC44500F249A9 /* Renova.app */,
			);
			name = Products;
			sourceTree = "<group>";
		};
		82E5A9F7297DC44500F249A9 /* Renova */ = {
			isa = PBXGroup;
			children = (
				82E5AA11297DCE5A00F249A9 /* Controllers */,
				82136B50297DD37800EAF1E0 /* Extensions */,
				8282C43D297EDACE00E0B4EF /* GoogleService-Info.plist */,
				82E5AA06297DC44900F249A9 /* Info.plist */,
				8282C434297E180D00E0B4EF /* Model */,
				82E5AA12297DCEAE00F249A9 /* Resources */,
				8282C43F297EDB8A00E0B4EF /* Utils */,
			);
			path = Renova;
			sourceTree = "<group>";
		};
		82E5AA11297DCE5A00F249A9 /* Controllers */ = {
			isa = PBXGroup;
			children = (
				82136B53297DDAEC00EAF1E0 /* Register */,
				82E5AA13297DCEE500F249A9 /* Login */,
			);
			path = Controllers;
			sourceTree = "<group>";
		};
		82E5AA12297DCEAE00F249A9 /* Resources */ = {
			isa = PBXGroup;
			children = (
				82E5AA01297DC44800F249A9 /* Assets.xcassets */,
				82E5AA03297DC44800F249A9 /* LaunchScreen.storyboard */,
				82E5A9F8297DC44500F249A9 /* AppDelegate.swift */,
				82E5A9FA297DC44500F249A9 /* SceneDelegate.swift */,
			);
			path = Resources;
			sourceTree = "<group>";
		};
		82E5AA13297DCEE500F249A9 /* Login */ = {
			isa = PBXGroup;
			children = (
				8282C437297EC63A00E0B4EF /* TableViewCell */,
				82E5AA15297DCEF200F249A9 /* LoginView */,
				82E5AA16297DCF0500F249A9 /* LoginViewController */,
				82E5AA14297DCEEB00F249A9 /* LoginViewModel */,
			);
			path = Login;
			sourceTree = "<group>";
		};
		82E5AA14297DCEEB00F249A9 /* LoginViewModel */ = {
			isa = PBXGroup;
			children = (
			);
			path = LoginViewModel;
			sourceTree = "<group>";
		};
		82E5AA15297DCEF200F249A9 /* LoginView */ = {
			isa = PBXGroup;
			children = (
				82136B4E297DD06400EAF1E0 /* LoginView.swift */,
			);
			path = LoginView;
			sourceTree = "<group>";
		};
		82E5AA16297DCF0500F249A9 /* LoginViewController */ = {
			isa = PBXGroup;
			children = (
				82136B4B297DCFFD00EAF1E0 /* LoginViewController.swift */,
			);
			path = LoginViewController;
			sourceTree = "<group>";
		};
/* End PBXGroup section */

/* Begin PBXNativeTarget section */
		82E5A9F4297DC44500F249A9 /* Renova */ = {
			isa = PBXNativeTarget;
			buildConfigurationList = 82E5AA09297DC44900F249A9 /* Build configuration list for PBXNativeTarget "Renova" */;
			buildPhases = (
				82E5A9F1297DC44500F249A9 /* Sources */,
				82E5A9F2297DC44500F249A9 /* Frameworks */,
				82E5A9F3297DC44500F249A9 /* Resources */,
			);
			buildRules = (
			);
			dependencies = (
			);
			name = Renova;
			packageProductDependencies = (
				82E5AA0D297DC94B00F249A9 /* FirebaseAuth */,
				82E5AA0F297DC94B00F249A9 /* FirebaseFirestore */,
			);
			productName = Renova;
			productReference = 82E5A9F5297DC44500F249A9 /* Renova.app */;
			productType = "com.apple.product-type.application";
		};
/* End PBXNativeTarget section */

/* Begin PBXProject section */
		82E5A9ED297DC44500F249A9 /* Project object */ = {
			isa = PBXProject;
			attributes = {
				BuildIndependentTargetsInParallel = 1;
				LastSwiftUpdateCheck = 1400;
				LastUpgradeCheck = 1400;
				TargetAttributes = {
					82E5A9F4297DC44500F249A9 = {
						CreatedOnToolsVersion = 14.0;
					};
				};
			};
			buildConfigurationList = 82E5A9F0297DC44500F249A9 /* Build configuration list for PBXProject "Renova" */;
			compatibilityVersion = "Xcode 14.0";
			developmentRegion = en;
			hasScannedForEncodings = 0;
			knownRegions = (
				en,
				Base,
			);
			mainGroup = 82E5A9EC297DC44500F249A9;
			packageReferences = (
				82E5AA0C297DC94B00F249A9 /* XCRemoteSwiftPackageReference "firebase-ios-sdk" */,
			);
			productRefGroup = 82E5A9F6297DC44500F249A9 /* Products */;
			projectDirPath = "";
			projectRoot = "";
			targets = (
				82E5A9F4297DC44500F249A9 /* Renova */,
			);
		};
/* End PBXProject section */

/* Begin PBXResourcesBuildPhase section */
		82E5A9F3297DC44500F249A9 /* Resources */ = {
			isa = PBXResourcesBuildPhase;
			buildActionMask = 2147483647;
			files = (
				82E5AA05297DC44800F249A9 /* LaunchScreen.storyboard in Resources */,
				8282C43C297EC65800E0B4EF /* LoginTableViewCell.xib in Resources */,
				8282C43E297EDACF00E0B4EF /* GoogleService-Info.plist in Resources */,
				82136B5F297E0B0500EAF1E0 /* RegisterTableViewCell.xib in Resources */,
				82E5AA02297DC44800F249A9 /* Assets.xcassets in Resources */,
			);
			runOnlyForDeploymentPostprocessing = 0;
		};
/* End PBXResourcesBuildPhase section */

/* Begin PBXSourcesBuildPhase section */
		82E5A9F1297DC44500F249A9 /* Sources */ = {
			isa = PBXSourcesBuildPhase;
			buildActionMask = 2147483647;
			files = (
				8282C433297E168100E0B4EF /* RegisterViewModel.swift in Sources */,
				82136B4C297DCFFD00EAF1E0 /* LoginViewController.swift in Sources */,
				82E5A9F9297DC44500F249A9 /* AppDelegate.swift in Sources */,
				82136B4F297DD06400EAF1E0 /* LoginView.swift in Sources */,
				82136B5A297DDC2C00EAF1E0 /* RegisterView.swift in Sources */,
				8282C443297EDDD900E0B4EF /* Alert.swift in Sources */,
				8282C436297E181F00E0B4EF /* Forms.swift in Sources */,
				82136B58297DDC1800EAF1E0 /* RegisterViewController.swift in Sources */,
				82E5A9FB297DC44500F249A9 /* SceneDelegate.swift in Sources */,
				82136B5E297E0B0500EAF1E0 /* RegisterTableViewCell.swift in Sources */,
				8282C441297EDB9700E0B4EF /* RegEx.swift in Sources */,
				82136B52297DD38700EAF1E0 /* UIColor+.swift in Sources */,
				8282C43B297EC65800E0B4EF /* LoginTableViewCell.swift in Sources */,
			);
			runOnlyForDeploymentPostprocessing = 0;
		};
/* End PBXSourcesBuildPhase section */

/* Begin PBXVariantGroup section */
		82E5AA03297DC44800F249A9 /* LaunchScreen.storyboard */ = {
			isa = PBXVariantGroup;
			children = (
				82E5AA04297DC44800F249A9 /* Base */,
			);
			name = LaunchScreen.storyboard;
			sourceTree = "<group>";
		};
/* End PBXVariantGroup section */

/* Begin XCBuildConfiguration section */
		82E5AA07297DC44900F249A9 /* Debug */ = {
			isa = XCBuildConfiguration;
			buildSettings = {
				ALWAYS_SEARCH_USER_PATHS = NO;
				CLANG_ANALYZER_NONNULL = YES;
				CLANG_ANALYZER_NUMBER_OBJECT_CONVERSION = YES_AGGRESSIVE;
				CLANG_CXX_LANGUAGE_STANDARD = "gnu++20";
				CLANG_ENABLE_MODULES = YES;
				CLANG_ENABLE_OBJC_ARC = YES;
				CLANG_ENABLE_OBJC_WEAK = YES;
				CLANG_WARN_BLOCK_CAPTURE_AUTORELEASING = YES;
				CLANG_WARN_BOOL_CONVERSION = YES;
				CLANG_WARN_COMMA = YES;
				CLANG_WARN_CONSTANT_CONVERSION = YES;
				CLANG_WARN_DEPRECATED_OBJC_IMPLEMENTATIONS = YES;
				CLANG_WARN_DIRECT_OBJC_ISA_USAGE = YES_ERROR;
				CLANG_WARN_DOCUMENTATION_COMMENTS = YES;
				CLANG_WARN_EMPTY_BODY = YES;
				CLANG_WARN_ENUM_CONVERSION = YES;
				CLANG_WARN_INFINITE_RECURSION = YES;
				CLANG_WARN_INT_CONVERSION = YES;
				CLANG_WARN_NON_LITERAL_NULL_CONVERSION = YES;
				CLANG_WARN_OBJC_IMPLICIT_RETAIN_SELF = YES;
				CLANG_WARN_OBJC_LITERAL_CONVERSION = YES;
				CLANG_WARN_OBJC_ROOT_CLASS = YES_ERROR;
				CLANG_WARN_QUOTED_INCLUDE_IN_FRAMEWORK_HEADER = YES;
				CLANG_WARN_RANGE_LOOP_ANALYSIS = YES;
				CLANG_WARN_STRICT_PROTOTYPES = YES;
				CLANG_WARN_SUSPICIOUS_MOVE = YES;
				CLANG_WARN_UNGUARDED_AVAILABILITY = YES_AGGRESSIVE;
				CLANG_WARN_UNREACHABLE_CODE = YES;
				CLANG_WARN__DUPLICATE_METHOD_MATCH = YES;
				COPY_PHASE_STRIP = NO;
				DEBUG_INFORMATION_FORMAT = dwarf;
				ENABLE_STRICT_OBJC_MSGSEND = YES;
				ENABLE_TESTABILITY = YES;
				GCC_C_LANGUAGE_STANDARD = gnu11;
				GCC_DYNAMIC_NO_PIC = NO;
				GCC_NO_COMMON_BLOCKS = YES;
				GCC_OPTIMIZATION_LEVEL = 0;
				GCC_PREPROCESSOR_DEFINITIONS = (
					"DEBUG=1",
					"$(inherited)",
				);
				GCC_WARN_64_TO_32_BIT_CONVERSION = YES;
				GCC_WARN_ABOUT_RETURN_TYPE = YES_ERROR;
				GCC_WARN_UNDECLARED_SELECTOR = YES;
				GCC_WARN_UNINITIALIZED_AUTOS = YES_AGGRESSIVE;
				GCC_WARN_UNUSED_FUNCTION = YES;
				GCC_WARN_UNUSED_VARIABLE = YES;
				IPHONEOS_DEPLOYMENT_TARGET = 16.0;
				MTL_ENABLE_DEBUG_INFO = INCLUDE_SOURCE;
				MTL_FAST_MATH = YES;
				ONLY_ACTIVE_ARCH = YES;
				SDKROOT = iphoneos;
				SWIFT_ACTIVE_COMPILATION_CONDITIONS = DEBUG;
				SWIFT_OPTIMIZATION_LEVEL = "-Onone";
			};
			name = Debug;
		};
		82E5AA08297DC44900F249A9 /* Release */ = {
			isa = XCBuildConfiguration;
			buildSettings = {
				ALWAYS_SEARCH_USER_PATHS = NO;
				CLANG_ANALYZER_NONNULL = YES;
				CLANG_ANALYZER_NUMBER_OBJECT_CONVERSION = YES_AGGRESSIVE;
				CLANG_CXX_LANGUAGE_STANDARD = "gnu++20";
				CLANG_ENABLE_MODULES = YES;
				CLANG_ENABLE_OBJC_ARC = YES;
				CLANG_ENABLE_OBJC_WEAK = YES;
				CLANG_WARN_BLOCK_CAPTURE_AUTORELEASING = YES;
				CLANG_WARN_BOOL_CONVERSION = YES;
				CLANG_WARN_COMMA = YES;
				CLANG_WARN_CONSTANT_CONVERSION = YES;
				CLANG_WARN_DEPRECATED_OBJC_IMPLEMENTATIONS = YES;
				CLANG_WARN_DIRECT_OBJC_ISA_USAGE = YES_ERROR;
				CLANG_WARN_DOCUMENTATION_COMMENTS = YES;
				CLANG_WARN_EMPTY_BODY = YES;
				CLANG_WARN_ENUM_CONVERSION = YES;
				CLANG_WARN_INFINITE_RECURSION = YES;
				CLANG_WARN_INT_CONVERSION = YES;
				CLANG_WARN_NON_LITERAL_NULL_CONVERSION = YES;
				CLANG_WARN_OBJC_IMPLICIT_RETAIN_SELF = YES;
				CLANG_WARN_OBJC_LITERAL_CONVERSION = YES;
				CLANG_WARN_OBJC_ROOT_CLASS = YES_ERROR;
				CLANG_WARN_QUOTED_INCLUDE_IN_FRAMEWORK_HEADER = YES;
				CLANG_WARN_RANGE_LOOP_ANALYSIS = YES;
				CLANG_WARN_STRICT_PROTOTYPES = YES;
				CLANG_WARN_SUSPICIOUS_MOVE = YES;
				CLANG_WARN_UNGUARDED_AVAILABILITY = YES_AGGRESSIVE;
				CLANG_WARN_UNREACHABLE_CODE = YES;
				CLANG_WARN__DUPLICATE_METHOD_MATCH = YES;
				COPY_PHASE_STRIP = NO;
				DEBUG_INFORMATION_FORMAT = "dwarf-with-dsym";
				ENABLE_NS_ASSERTIONS = NO;
				ENABLE_STRICT_OBJC_MSGSEND = YES;
				GCC_C_LANGUAGE_STANDARD = gnu11;
				GCC_NO_COMMON_BLOCKS = YES;
				GCC_WARN_64_TO_32_BIT_CONVERSION = YES;
				GCC_WARN_ABOUT_RETURN_TYPE = YES_ERROR;
				GCC_WARN_UNDECLARED_SELECTOR = YES;
				GCC_WARN_UNINITIALIZED_AUTOS = YES_AGGRESSIVE;
				GCC_WARN_UNUSED_FUNCTION = YES;
				GCC_WARN_UNUSED_VARIABLE = YES;
				IPHONEOS_DEPLOYMENT_TARGET = 16.0;
				MTL_ENABLE_DEBUG_INFO = NO;
				MTL_FAST_MATH = YES;
				SDKROOT = iphoneos;
				SWIFT_COMPILATION_MODE = wholemodule;
				SWIFT_OPTIMIZATION_LEVEL = "-O";
				VALIDATE_PRODUCT = YES;
			};
			name = Release;
		};
		82E5AA0A297DC44900F249A9 /* Debug */ = {
			isa = XCBuildConfiguration;
			buildSettings = {
				ASSETCATALOG_COMPILER_APPICON_NAME = AppIcon;
				ASSETCATALOG_COMPILER_GLOBAL_ACCENT_COLOR_NAME = AccentColor;
				CODE_SIGN_STYLE = Automatic;
				CURRENT_PROJECT_VERSION = 1;
				DEVELOPMENT_TEAM = X2R4Q8ATZU;
				GENERATE_INFOPLIST_FILE = YES;
				INFOPLIST_FILE = Renova/Info.plist;
				INFOPLIST_KEY_UIApplicationSupportsIndirectInputEvents = YES;
				INFOPLIST_KEY_UILaunchStoryboardName = LaunchScreen;
				INFOPLIST_KEY_UISupportedInterfaceOrientations_iPad = "UIInterfaceOrientationPortrait UIInterfaceOrientationPortraitUpsideDown UIInterfaceOrientationLandscapeLeft UIInterfaceOrientationLandscapeRight";
				INFOPLIST_KEY_UISupportedInterfaceOrientations_iPhone = "UIInterfaceOrientationPortrait UIInterfaceOrientationLandscapeLeft UIInterfaceOrientationLandscapeRight";
				LD_RUNPATH_SEARCH_PATHS = (
					"$(inherited)",
					"@executable_path/Frameworks",
				);
				MARKETING_VERSION = 1.0;
				PRODUCT_BUNDLE_IDENTIFIER = gmail.igormedfer.Renova;
				PRODUCT_NAME = "$(TARGET_NAME)";
				SWIFT_EMIT_LOC_STRINGS = YES;
				SWIFT_VERSION = 5.0;
				TARGETED_DEVICE_FAMILY = "1,2";
			};
			name = Debug;
		};
		82E5AA0B297DC44900F249A9 /* Release */ = {
			isa = XCBuildConfiguration;
			buildSettings = {
				ASSETCATALOG_COMPILER_APPICON_NAME = AppIcon;
				ASSETCATALOG_COMPILER_GLOBAL_ACCENT_COLOR_NAME = AccentColor;
				CODE_SIGN_STYLE = Automatic;
				CURRENT_PROJECT_VERSION = 1;
				DEVELOPMENT_TEAM = X2R4Q8ATZU;
				GENERATE_INFOPLIST_FILE = YES;
				INFOPLIST_FILE = Renova/Info.plist;
				INFOPLIST_KEY_UIApplicationSupportsIndirectInputEvents = YES;
				INFOPLIST_KEY_UILaunchStoryboardName = LaunchScreen;
				INFOPLIST_KEY_UISupportedInterfaceOrientations_iPad = "UIInterfaceOrientationPortrait UIInterfaceOrientationPortraitUpsideDown UIInterfaceOrientationLandscapeLeft UIInterfaceOrientationLandscapeRight";
				INFOPLIST_KEY_UISupportedInterfaceOrientations_iPhone = "UIInterfaceOrientationPortrait UIInterfaceOrientationLandscapeLeft UIInterfaceOrientationLandscapeRight";
				LD_RUNPATH_SEARCH_PATHS = (
					"$(inherited)",
					"@executable_path/Frameworks",
				);
				MARKETING_VERSION = 1.0;
				PRODUCT_BUNDLE_IDENTIFIER = gmail.igormedfer.Renova;
				PRODUCT_NAME = "$(TARGET_NAME)";
				SWIFT_EMIT_LOC_STRINGS = YES;
				SWIFT_VERSION = 5.0;
				TARGETED_DEVICE_FAMILY = "1,2";
			};
			name = Release;
		};
/* End XCBuildConfiguration section */

/* Begin XCConfigurationList section */
		82E5A9F0297DC44500F249A9 /* Build configuration list for PBXProject "Renova" */ = {
			isa = XCConfigurationList;
			buildConfigurations = (
				82E5AA07297DC44900F249A9 /* Debug */,
				82E5AA08297DC44900F249A9 /* Release */,
			);
			defaultConfigurationIsVisible = 0;
			defaultConfigurationName = Release;
		};
		82E5AA09297DC44900F249A9 /* Build configuration list for PBXNativeTarget "Renova" */ = {
			isa = XCConfigurationList;
			buildConfigurations = (
				82E5AA0A297DC44900F249A9 /* Debug */,
				82E5AA0B297DC44900F249A9 /* Release */,
			);
			defaultConfigurationIsVisible = 0;
			defaultConfigurationName = Release;
		};
/* End XCConfigurationList section */

/* Begin XCRemoteSwiftPackageReference section */
		82E5AA0C297DC94B00F249A9 /* XCRemoteSwiftPackageReference "firebase-ios-sdk" */ = {
			isa = XCRemoteSwiftPackageReference;
			repositoryURL = "https://github.com/firebase/firebase-ios-sdk.git";
			requirement = {
				kind = upToNextMajorVersion;
				minimumVersion = 9.0.0;
			};
		};
/* End XCRemoteSwiftPackageReference section */

/* Begin XCSwiftPackageProductDependency section */
		82E5AA0D297DC94B00F249A9 /* FirebaseAuth */ = {
			isa = XCSwiftPackageProductDependency;
			package = 82E5AA0C297DC94B00F249A9 /* XCRemoteSwiftPackageReference "firebase-ios-sdk" */;
			productName = FirebaseAuth;
		};
		82E5AA0F297DC94B00F249A9 /* FirebaseFirestore */ = {
			isa = XCSwiftPackageProductDependency;
			package = 82E5AA0C297DC94B00F249A9 /* XCRemoteSwiftPackageReference "firebase-ios-sdk" */;
			productName = FirebaseFirestore;
		};
/* End XCSwiftPackageProductDependency section */
	};
	rootObject = 82E5A9ED297DC44500F249A9 /* Project object */;
}
