// !$*UTF8*$!
{
	archiveVersion = 1;
	classes = {
	};
	objectVersion = 56;
	objects = {

/* Begin PBXBuildFile section */
		820F33422980A89E0055B132 /* UserId.swift in Sources */ = {isa = PBXBuildFile; fileRef = 820F33412980A89E0055B132 /* UserId.swift */; };
		82136B4C297DCFFD00EAF1E0 /* LoginViewController.swift in Sources */ = {isa = PBXBuildFile; fileRef = 82136B4B297DCFFD00EAF1E0 /* LoginViewController.swift */; };
		82136B4F297DD06400EAF1E0 /* LoginView.swift in Sources */ = {isa = PBXBuildFile; fileRef = 82136B4E297DD06400EAF1E0 /* LoginView.swift */; };
		82136B52297DD38700EAF1E0 /* UIColor+.swift in Sources */ = {isa = PBXBuildFile; fileRef = 82136B51297DD38700EAF1E0 /* UIColor+.swift */; };
		82136B58297DDC1800EAF1E0 /* RegisterViewController.swift in Sources */ = {isa = PBXBuildFile; fileRef = 82136B57297DDC1800EAF1E0 /* RegisterViewController.swift */; };
		82136B5A297DDC2C00EAF1E0 /* RegisterView.swift in Sources */ = {isa = PBXBuildFile; fileRef = 82136B59297DDC2C00EAF1E0 /* RegisterView.swift */; };
		82136B5E297E0B0500EAF1E0 /* RegisterTableViewCell.swift in Sources */ = {isa = PBXBuildFile; fileRef = 82136B5C297E0B0500EAF1E0 /* RegisterTableViewCell.swift */; };
		82136B5F297E0B0500EAF1E0 /* RegisterTableViewCell.xib in Resources */ = {isa = PBXBuildFile; fileRef = 82136B5D297E0B0500EAF1E0 /* RegisterTableViewCell.xib */; };
		824372E22981B889007EA51B /* FrequencyTableViewCell.swift in Sources */ = {isa = PBXBuildFile; fileRef = 824372E02981B889007EA51B /* FrequencyTableViewCell.swift */; };
		824372E32981B889007EA51B /* FrequencyTableViewCell.xib in Resources */ = {isa = PBXBuildFile; fileRef = 824372E12981B889007EA51B /* FrequencyTableViewCell.xib */; };
		827707102980256A00B53595 /* MainTabBarController.swift in Sources */ = {isa = PBXBuildFile; fileRef = 8277070F2980256A00B53595 /* MainTabBarController.swift */; };
		8282C433297E168100E0B4EF /* RegisterViewModel.swift in Sources */ = {isa = PBXBuildFile; fileRef = 8282C432297E168100E0B4EF /* RegisterViewModel.swift */; };
		8282C436297E181F00E0B4EF /* Forms.swift in Sources */ = {isa = PBXBuildFile; fileRef = 8282C435297E181F00E0B4EF /* Forms.swift */; };
		8282C43B297EC65800E0B4EF /* LoginTableViewCell.swift in Sources */ = {isa = PBXBuildFile; fileRef = 8282C439297EC65800E0B4EF /* LoginTableViewCell.swift */; };
		8282C43C297EC65800E0B4EF /* LoginTableViewCell.xib in Resources */ = {isa = PBXBuildFile; fileRef = 8282C43A297EC65800E0B4EF /* LoginTableViewCell.xib */; };
		8282C43E297EDACF00E0B4EF /* GoogleService-Info.plist in Resources */ = {isa = PBXBuildFile; fileRef = 8282C43D297EDACE00E0B4EF /* GoogleService-Info.plist */; };
		8282C441297EDB9700E0B4EF /* RegEx.swift in Sources */ = {isa = PBXBuildFile; fileRef = 8282C440297EDB9700E0B4EF /* RegEx.swift */; };
		8282C443297EDDD900E0B4EF /* Alert.swift in Sources */ = {isa = PBXBuildFile; fileRef = 8282C442297EDDD900E0B4EF /* Alert.swift */; };
		8282C446297EFA4D00E0B4EF /* HomeViewController.swift in Sources */ = {isa = PBXBuildFile; fileRef = 8282C445297EFA4D00E0B4EF /* HomeViewController.swift */; };
		8282C44A297EFA8900E0B4EF /* HomeView.swift in Sources */ = {isa = PBXBuildFile; fileRef = 8282C449297EFA8900E0B4EF /* HomeView.swift */; };
		8282C44C297EFB9400E0B4EF /* LoginViewModel.swift in Sources */ = {isa = PBXBuildFile; fileRef = 8282C44B297EFB9400E0B4EF /* LoginViewModel.swift */; };
		8282C44F297EFD0A00E0B4EF /* AuthenticationErrors.swift in Sources */ = {isa = PBXBuildFile; fileRef = 8282C44E297EFD0A00E0B4EF /* AuthenticationErrors.swift */; };
		828A681129816C8D0013A4AF /* GoogleSignIn in Frameworks */ = {isa = PBXBuildFile; productRef = 828A681029816C8D0013A4AF /* GoogleSignIn */; };
		828A681329816C8D0013A4AF /* GoogleSignInSwift in Frameworks */ = {isa = PBXBuildFile; productRef = 828A681229816C8D0013A4AF /* GoogleSignInSwift */; };
		828A68182981A8250013A4AF /* NewGoalView.swift in Sources */ = {isa = PBXBuildFile; fileRef = 828A68172981A8250013A4AF /* NewGoalView.swift */; };
		828A681D2981A8650013A4AF /* NewGoalViewController.swift in Sources */ = {isa = PBXBuildFile; fileRef = 828A681C2981A8650013A4AF /* NewGoalViewController.swift */; };
		828A68252981B4720013A4AF /* NewGoalDetailsTableViewCell.swift in Sources */ = {isa = PBXBuildFile; fileRef = 828A68232981B4720013A4AF /* NewGoalDetailsTableViewCell.swift */; };
		828A68262981B4720013A4AF /* NewGoalDetailsTableViewCell.xib in Resources */ = {isa = PBXBuildFile; fileRef = 828A68242981B4720013A4AF /* NewGoalDetailsTableViewCell.xib */; };
		82B020112986B07700FEAF67 /* BaseViewController.swift in Sources */ = {isa = PBXBuildFile; fileRef = 82B020102986B07700FEAF67 /* BaseViewController.swift */; };
		82E0BF4B2986EAC10077FC10 /* ProgressCardTableViewCell.swift in Sources */ = {isa = PBXBuildFile; fileRef = 82E0BF492986EAC10077FC10 /* ProgressCardTableViewCell.swift */; };
		82E0BF4C2986EAC10077FC10 /* ProgressCardTableViewCell.xib in Resources */ = {isa = PBXBuildFile; fileRef = 82E0BF4A2986EAC10077FC10 /* ProgressCardTableViewCell.xib */; };
		82E5A9F9297DC44500F249A9 /* AppDelegate.swift in Sources */ = {isa = PBXBuildFile; fileRef = 82E5A9F8297DC44500F249A9 /* AppDelegate.swift */; };
		82E5A9FB297DC44500F249A9 /* SceneDelegate.swift in Sources */ = {isa = PBXBuildFile; fileRef = 82E5A9FA297DC44500F249A9 /* SceneDelegate.swift */; };
		82E5AA02297DC44800F249A9 /* Assets.xcassets in Resources */ = {isa = PBXBuildFile; fileRef = 82E5AA01297DC44800F249A9 /* Assets.xcassets */; };
		82E5AA05297DC44800F249A9 /* LaunchScreen.storyboard in Resources */ = {isa = PBXBuildFile; fileRef = 82E5AA03297DC44800F249A9 /* LaunchScreen.storyboard */; };
		82E5AA0E297DC94B00F249A9 /* FirebaseAuth in Frameworks */ = {isa = PBXBuildFile; productRef = 82E5AA0D297DC94B00F249A9 /* FirebaseAuth */; };
		82E5AA10297DC94B00F249A9 /* FirebaseFirestore in Frameworks */ = {isa = PBXBuildFile; productRef = 82E5AA0F297DC94B00F249A9 /* FirebaseFirestore */; };
		82F8F2092981D2B4001E911E /* DaysOfTheWeekCollectionViewCell.swift in Sources */ = {isa = PBXBuildFile; fileRef = 82F8F2072981D2B4001E911E /* DaysOfTheWeekCollectionViewCell.swift */; };
		82F8F20A2981D2B4001E911E /* DaysOfTheWeekCollectionViewCell.xib in Resources */ = {isa = PBXBuildFile; fileRef = 82F8F2082981D2B4001E911E /* DaysOfTheWeekCollectionViewCell.xib */; };
		82F8F20E2982CDF5001E911E /* ReminderTableViewCell.swift in Sources */ = {isa = PBXBuildFile; fileRef = 82F8F20C2982CDF5001E911E /* ReminderTableViewCell.swift */; };
		82F8F20F2982CDF5001E911E /* ReminderTableViewCell.xib in Resources */ = {isa = PBXBuildFile; fileRef = 82F8F20D2982CDF5001E911E /* ReminderTableViewCell.xib */; };
		82F8F2132983065A001E911E /* SaveGoalTableViewCell.swift in Sources */ = {isa = PBXBuildFile; fileRef = 82F8F2112983065A001E911E /* SaveGoalTableViewCell.swift */; };
		82F8F2142983065A001E911E /* SaveGoalTableViewCell.xib in Resources */ = {isa = PBXBuildFile; fileRef = 82F8F2122983065A001E911E /* SaveGoalTableViewCell.xib */; };
		82F8F216298312A2001E911E /* NewGoalViewModel.swift in Sources */ = {isa = PBXBuildFile; fileRef = 82F8F215298312A2001E911E /* NewGoalViewModel.swift */; };
		82F8F21829831323001E911E /* HabitData.swift in Sources */ = {isa = PBXBuildFile; fileRef = 82F8F21729831323001E911E /* HabitData.swift */; };
		82F8F22F298459C0001E911E /* ProgressView.swift in Sources */ = {isa = PBXBuildFile; fileRef = 82F8F22E298459C0001E911E /* ProgressView.swift */; };
		82F8F231298459DE001E911E /* ProgressViewController.swift in Sources */ = {isa = PBXBuildFile; fileRef = 82F8F230298459DE001E911E /* ProgressViewController.swift */; };
		82F8F233298459FC001E911E /* SettingsView.swift in Sources */ = {isa = PBXBuildFile; fileRef = 82F8F232298459FC001E911E /* SettingsView.swift */; };
		82F8F23529845A0F001E911E /* SettingsViewController.swift in Sources */ = {isa = PBXBuildFile; fileRef = 82F8F23429845A0F001E911E /* SettingsViewController.swift */; };
/* End PBXBuildFile section */

/* Begin PBXFileReference section */
		820F33412980A89E0055B132 /* UserId.swift */ = {isa = PBXFileReference; lastKnownFileType = sourcecode.swift; path = UserId.swift; sourceTree = "<group>"; };
		82136B4B297DCFFD00EAF1E0 /* LoginViewController.swift */ = {isa = PBXFileReference; fileEncoding = 4; lastKnownFileType = sourcecode.swift; path = LoginViewController.swift; sourceTree = "<group>"; };
		82136B4E297DD06400EAF1E0 /* LoginView.swift */ = {isa = PBXFileReference; lastKnownFileType = sourcecode.swift; path = LoginView.swift; sourceTree = "<group>"; };
		82136B51297DD38700EAF1E0 /* UIColor+.swift */ = {isa = PBXFileReference; lastKnownFileType = sourcecode.swift; path = "UIColor+.swift"; sourceTree = "<group>"; };
		82136B57297DDC1800EAF1E0 /* RegisterViewController.swift */ = {isa = PBXFileReference; lastKnownFileType = sourcecode.swift; path = RegisterViewController.swift; sourceTree = "<group>"; };
		82136B59297DDC2C00EAF1E0 /* RegisterView.swift */ = {isa = PBXFileReference; lastKnownFileType = sourcecode.swift; path = RegisterView.swift; sourceTree = "<group>"; };
		82136B5C297E0B0500EAF1E0 /* RegisterTableViewCell.swift */ = {isa = PBXFileReference; lastKnownFileType = sourcecode.swift; path = RegisterTableViewCell.swift; sourceTree = "<group>"; };
		82136B5D297E0B0500EAF1E0 /* RegisterTableViewCell.xib */ = {isa = PBXFileReference; lastKnownFileType = file.xib; path = RegisterTableViewCell.xib; sourceTree = "<group>"; };
		824372E02981B889007EA51B /* FrequencyTableViewCell.swift */ = {isa = PBXFileReference; lastKnownFileType = sourcecode.swift; path = FrequencyTableViewCell.swift; sourceTree = "<group>"; };
		824372E12981B889007EA51B /* FrequencyTableViewCell.xib */ = {isa = PBXFileReference; lastKnownFileType = file.xib; path = FrequencyTableViewCell.xib; sourceTree = "<group>"; };
		8277070F2980256A00B53595 /* MainTabBarController.swift */ = {isa = PBXFileReference; lastKnownFileType = sourcecode.swift; path = MainTabBarController.swift; sourceTree = "<group>"; };
		8282C432297E168100E0B4EF /* RegisterViewModel.swift */ = {isa = PBXFileReference; lastKnownFileType = sourcecode.swift; path = RegisterViewModel.swift; sourceTree = "<group>"; };
		8282C435297E181F00E0B4EF /* Forms.swift */ = {isa = PBXFileReference; lastKnownFileType = sourcecode.swift; path = Forms.swift; sourceTree = "<group>"; };
		8282C439297EC65800E0B4EF /* LoginTableViewCell.swift */ = {isa = PBXFileReference; lastKnownFileType = sourcecode.swift; path = LoginTableViewCell.swift; sourceTree = "<group>"; };
		8282C43A297EC65800E0B4EF /* LoginTableViewCell.xib */ = {isa = PBXFileReference; lastKnownFileType = file.xib; path = LoginTableViewCell.xib; sourceTree = "<group>"; };
		8282C43D297EDACE00E0B4EF /* GoogleService-Info.plist */ = {isa = PBXFileReference; fileEncoding = 4; lastKnownFileType = text.plist.xml; path = "GoogleService-Info.plist"; sourceTree = "<group>"; };
		8282C440297EDB9700E0B4EF /* RegEx.swift */ = {isa = PBXFileReference; lastKnownFileType = sourcecode.swift; path = RegEx.swift; sourceTree = "<group>"; };
		8282C442297EDDD900E0B4EF /* Alert.swift */ = {isa = PBXFileReference; lastKnownFileType = sourcecode.swift; path = Alert.swift; sourceTree = "<group>"; };
		8282C445297EFA4D00E0B4EF /* HomeViewController.swift */ = {isa = PBXFileReference; lastKnownFileType = sourcecode.swift; path = HomeViewController.swift; sourceTree = "<group>"; };
		8282C449297EFA8900E0B4EF /* HomeView.swift */ = {isa = PBXFileReference; lastKnownFileType = sourcecode.swift; path = HomeView.swift; sourceTree = "<group>"; };
		8282C44B297EFB9400E0B4EF /* LoginViewModel.swift */ = {isa = PBXFileReference; lastKnownFileType = sourcecode.swift; path = LoginViewModel.swift; sourceTree = "<group>"; };
		8282C44E297EFD0A00E0B4EF /* AuthenticationErrors.swift */ = {isa = PBXFileReference; lastKnownFileType = sourcecode.swift; path = AuthenticationErrors.swift; sourceTree = "<group>"; };
		828A68172981A8250013A4AF /* NewGoalView.swift */ = {isa = PBXFileReference; lastKnownFileType = sourcecode.swift; path = NewGoalView.swift; sourceTree = "<group>"; };
		828A681C2981A8650013A4AF /* NewGoalViewController.swift */ = {isa = PBXFileReference; lastKnownFileType = sourcecode.swift; path = NewGoalViewController.swift; sourceTree = "<group>"; };
		828A68232981B4720013A4AF /* NewGoalDetailsTableViewCell.swift */ = {isa = PBXFileReference; lastKnownFileType = sourcecode.swift; path = NewGoalDetailsTableViewCell.swift; sourceTree = "<group>"; };
		828A68242981B4720013A4AF /* NewGoalDetailsTableViewCell.xib */ = {isa = PBXFileReference; lastKnownFileType = file.xib; path = NewGoalDetailsTableViewCell.xib; sourceTree = "<group>"; };
		82B020102986B07700FEAF67 /* BaseViewController.swift */ = {isa = PBXFileReference; lastKnownFileType = sourcecode.swift; path = BaseViewController.swift; sourceTree = "<group>"; };
		82E0BF492986EAC10077FC10 /* ProgressCardTableViewCell.swift */ = {isa = PBXFileReference; lastKnownFileType = sourcecode.swift; path = ProgressCardTableViewCell.swift; sourceTree = "<group>"; };
		82E0BF4A2986EAC10077FC10 /* ProgressCardTableViewCell.xib */ = {isa = PBXFileReference; lastKnownFileType = file.xib; path = ProgressCardTableViewCell.xib; sourceTree = "<group>"; };
		82E5A9F5297DC44500F249A9 /* Renova.app */ = {isa = PBXFileReference; explicitFileType = wrapper.application; includeInIndex = 0; path = Renova.app; sourceTree = BUILT_PRODUCTS_DIR; };
		82E5A9F8297DC44500F249A9 /* AppDelegate.swift */ = {isa = PBXFileReference; lastKnownFileType = sourcecode.swift; path = AppDelegate.swift; sourceTree = "<group>"; };
		82E5A9FA297DC44500F249A9 /* SceneDelegate.swift */ = {isa = PBXFileReference; lastKnownFileType = sourcecode.swift; path = SceneDelegate.swift; sourceTree = "<group>"; };
		82E5AA01297DC44800F249A9 /* Assets.xcassets */ = {isa = PBXFileReference; lastKnownFileType = folder.assetcatalog; path = Assets.xcassets; sourceTree = "<group>"; };
		82E5AA04297DC44800F249A9 /* Base */ = {isa = PBXFileReference; lastKnownFileType = file.storyboard; name = Base; path = Base.lproj/LaunchScreen.storyboard; sourceTree = "<group>"; };
		82E5AA06297DC44900F249A9 /* Info.plist */ = {isa = PBXFileReference; lastKnownFileType = text.plist.xml; path = Info.plist; sourceTree = "<group>"; };
		82F8F2072981D2B4001E911E /* DaysOfTheWeekCollectionViewCell.swift */ = {isa = PBXFileReference; lastKnownFileType = sourcecode.swift; path = DaysOfTheWeekCollectionViewCell.swift; sourceTree = "<group>"; };
		82F8F2082981D2B4001E911E /* DaysOfTheWeekCollectionViewCell.xib */ = {isa = PBXFileReference; lastKnownFileType = file.xib; path = DaysOfTheWeekCollectionViewCell.xib; sourceTree = "<group>"; };
		82F8F20C2982CDF5001E911E /* ReminderTableViewCell.swift */ = {isa = PBXFileReference; lastKnownFileType = sourcecode.swift; path = ReminderTableViewCell.swift; sourceTree = "<group>"; };
		82F8F20D2982CDF5001E911E /* ReminderTableViewCell.xib */ = {isa = PBXFileReference; lastKnownFileType = file.xib; path = ReminderTableViewCell.xib; sourceTree = "<group>"; };
		82F8F2112983065A001E911E /* SaveGoalTableViewCell.swift */ = {isa = PBXFileReference; lastKnownFileType = sourcecode.swift; path = SaveGoalTableViewCell.swift; sourceTree = "<group>"; };
		82F8F2122983065A001E911E /* SaveGoalTableViewCell.xib */ = {isa = PBXFileReference; lastKnownFileType = file.xib; path = SaveGoalTableViewCell.xib; sourceTree = "<group>"; };
		82F8F215298312A2001E911E /* NewGoalViewModel.swift */ = {isa = PBXFileReference; lastKnownFileType = sourcecode.swift; path = NewGoalViewModel.swift; sourceTree = "<group>"; };
		82F8F21729831323001E911E /* HabitData.swift */ = {isa = PBXFileReference; lastKnownFileType = sourcecode.swift; path = HabitData.swift; sourceTree = "<group>"; };
		82F8F22E298459C0001E911E /* ProgressView.swift */ = {isa = PBXFileReference; lastKnownFileType = sourcecode.swift; path = ProgressView.swift; sourceTree = "<group>"; };
		82F8F230298459DE001E911E /* ProgressViewController.swift */ = {isa = PBXFileReference; lastKnownFileType = sourcecode.swift; path = ProgressViewController.swift; sourceTree = "<group>"; };
		82F8F232298459FC001E911E /* SettingsView.swift */ = {isa = PBXFileReference; lastKnownFileType = sourcecode.swift; path = SettingsView.swift; sourceTree = "<group>"; };
		82F8F23429845A0F001E911E /* SettingsViewController.swift */ = {isa = PBXFileReference; lastKnownFileType = sourcecode.swift; path = SettingsViewController.swift; sourceTree = "<group>"; };
/* End PBXFileReference section */

/* Begin PBXFrameworksBuildPhase section */
		82E5A9F2297DC44500F249A9 /* Frameworks */ = {
			isa = PBXFrameworksBuildPhase;
			buildActionMask = 2147483647;
			files = (
				82E5AA0E297DC94B00F249A9 /* FirebaseAuth in Frameworks */,
				82E5AA10297DC94B00F249A9 /* FirebaseFirestore in Frameworks */,
				828A681129816C8D0013A4AF /* GoogleSignIn in Frameworks */,
				828A681329816C8D0013A4AF /* GoogleSignInSwift in Frameworks */,
			);
			runOnlyForDeploymentPostprocessing = 0;
		};
/* End PBXFrameworksBuildPhase section */

/* Begin PBXGroup section */
		820F33402980A88E0055B132 /* Singletons */ = {
			isa = PBXGroup;
			children = (
				820F33412980A89E0055B132 /* UserId.swift */,
			);
			path = Singletons;
			sourceTree = "<group>";
		};
		82136B50297DD37800EAF1E0 /* Extensions */ = {
			isa = PBXGroup;
			children = (
				82136B51297DD38700EAF1E0 /* UIColor+.swift */,
			);
			path = Extensions;
			sourceTree = "<group>";
		};
		82136B53297DDAEC00EAF1E0 /* Register */ = {
			isa = PBXGroup;
			children = (
				82136B5B297E0AE600EAF1E0 /* TableViewCell */,
				82136B55297DDAF400EAF1E0 /* RegisterView */,
				82136B54297DDAEF00EAF1E0 /* RegisterViewController */,
				82136B56297DDB0400EAF1E0 /* RegisterViewModel */,
			);
			path = Register;
			sourceTree = "<group>";
		};
		82136B54297DDAEF00EAF1E0 /* RegisterViewController */ = {
			isa = PBXGroup;
			children = (
				82136B57297DDC1800EAF1E0 /* RegisterViewController.swift */,
			);
			path = RegisterViewController;
			sourceTree = "<group>";
		};
		82136B55297DDAF400EAF1E0 /* RegisterView */ = {
			isa = PBXGroup;
			children = (
				82136B59297DDC2C00EAF1E0 /* RegisterView.swift */,
			);
			path = RegisterView;
			sourceTree = "<group>";
		};
		82136B56297DDB0400EAF1E0 /* RegisterViewModel */ = {
			isa = PBXGroup;
			children = (
				8282C432297E168100E0B4EF /* RegisterViewModel.swift */,
			);
			path = RegisterViewModel;
			sourceTree = "<group>";
		};
		82136B5B297E0AE600EAF1E0 /* TableViewCell */ = {
			isa = PBXGroup;
			children = (
				82136B60297E117900EAF1E0 /* RegisterCell */,
			);
			path = TableViewCell;
			sourceTree = "<group>";
		};
		82136B60297E117900EAF1E0 /* RegisterCell */ = {
			isa = PBXGroup;
			children = (
				82136B5C297E0B0500EAF1E0 /* RegisterTableViewCell.swift */,
				82136B5D297E0B0500EAF1E0 /* RegisterTableViewCell.xib */,
			);
			path = RegisterCell;
			sourceTree = "<group>";
		};
		824372DF2981B85A007EA51B /* FrequencyTableViewCell */ = {
			isa = PBXGroup;
			children = (
				82F8F2062981D299001E911E /* DaysOfTheWeekCollectionViewCell */,
				824372E02981B889007EA51B /* FrequencyTableViewCell.swift */,
				824372E12981B889007EA51B /* FrequencyTableViewCell.xib */,
			);
			path = FrequencyTableViewCell;
			sourceTree = "<group>";
		};
		8277070E2980253D00B53595 /* Tabbar */ = {
			isa = PBXGroup;
			children = (
				8277070F2980256A00B53595 /* MainTabBarController.swift */,
			);
			path = Tabbar;
			sourceTree = "<group>";
		};
		8282C434297E180D00E0B4EF /* Model */ = {
			isa = PBXGroup;
			children = (
				8282C435297E181F00E0B4EF /* Forms.swift */,
				82F8F21729831323001E911E /* HabitData.swift */,
			);
			path = Model;
			sourceTree = "<group>";
		};
		8282C437297EC63A00E0B4EF /* TableViewCell */ = {
			isa = PBXGroup;
			children = (
				8282C438297EC64000E0B4EF /* LoginCell */,
			);
			path = TableViewCell;
			sourceTree = "<group>";
		};
		8282C438297EC64000E0B4EF /* LoginCell */ = {
			isa = PBXGroup;
			children = (
				8282C439297EC65800E0B4EF /* LoginTableViewCell.swift */,
				8282C43A297EC65800E0B4EF /* LoginTableViewCell.xib */,
			);
			path = LoginCell;
			sourceTree = "<group>";
		};
		8282C43F297EDB8A00E0B4EF /* Utils */ = {
			isa = PBXGroup;
			children = (
				8282C440297EDB9700E0B4EF /* RegEx.swift */,
				8282C442297EDDD900E0B4EF /* Alert.swift */,
			);
			path = Utils;
			sourceTree = "<group>";
		};
		8282C444297EFA4300E0B4EF /* Home */ = {
			isa = PBXGroup;
			children = (
				82B8E44B2986D196006880D5 /* ProgressCardTableViewCell */,
				8282C448297EFA7F00E0B4EF /* HomeView */,
				8282C447297EFA6500E0B4EF /* HomeViewController */,
			);
			path = Home;
			sourceTree = "<group>";
		};
		8282C447297EFA6500E0B4EF /* HomeViewController */ = {
			isa = PBXGroup;
			children = (
				8282C445297EFA4D00E0B4EF /* HomeViewController.swift */,
			);
			path = HomeViewController;
			sourceTree = "<group>";
		};
		8282C448297EFA7F00E0B4EF /* HomeView */ = {
			isa = PBXGroup;
			children = (
				8282C449297EFA8900E0B4EF /* HomeView.swift */,
			);
			path = HomeView;
			sourceTree = "<group>";
		};
		8282C44D297EFCF600E0B4EF /* Enums */ = {
			isa = PBXGroup;
			children = (
				8282C44E297EFD0A00E0B4EF /* AuthenticationErrors.swift */,
			);
			path = Enums;
			sourceTree = "<group>";
		};
		828A68162981A8170013A4AF /* NewGoal */ = {
			isa = PBXGroup;
			children = (
				82F8F21029830642001E911E /* SaveGoalCell */,
				82F8F20B2982CDD9001E911E /* ReminderTableViewCell */,
				824372DF2981B85A007EA51B /* FrequencyTableViewCell */,
				828A681E2981B3D10013A4AF /* DetailsTableViewCell */,
				828A681B2981A8530013A4AF /* NewGoalViewModel */,
				828A681A2981A84E0013A4AF /* NewGoalController */,
				828A68192981A8450013A4AF /* NewGoalView */,
			);
			path = NewGoal;
			sourceTree = "<group>";
		};
		828A68192981A8450013A4AF /* NewGoalView */ = {
			isa = PBXGroup;
			children = (
				828A68172981A8250013A4AF /* NewGoalView.swift */,
			);
			path = NewGoalView;
			sourceTree = "<group>";
		};
		828A681A2981A84E0013A4AF /* NewGoalController */ = {
			isa = PBXGroup;
			children = (
				828A681C2981A8650013A4AF /* NewGoalViewController.swift */,
			);
			path = NewGoalController;
			sourceTree = "<group>";
		};
		828A681B2981A8530013A4AF /* NewGoalViewModel */ = {
			isa = PBXGroup;
			children = (
				82F8F215298312A2001E911E /* NewGoalViewModel.swift */,
			);
			path = NewGoalViewModel;
			sourceTree = "<group>";
		};
		828A681E2981B3D10013A4AF /* DetailsTableViewCell */ = {
			isa = PBXGroup;
			children = (
				828A68232981B4720013A4AF /* NewGoalDetailsTableViewCell.swift */,
				828A68242981B4720013A4AF /* NewGoalDetailsTableViewCell.xib */,
			);
			path = DetailsTableViewCell;
			sourceTree = "<group>";
		};
		82B0200F2986B06500FEAF67 /* BaseViewController */ = {
			isa = PBXGroup;
			children = (
				82B020102986B07700FEAF67 /* BaseViewController.swift */,
			);
			path = BaseViewController;
			sourceTree = "<group>";
		};
		82B8E44B2986D196006880D5 /* ProgressCardTableViewCell */ = {
			isa = PBXGroup;
			children = (
				82E0BF492986EAC10077FC10 /* ProgressCardTableViewCell.swift */,
				82E0BF4A2986EAC10077FC10 /* ProgressCardTableViewCell.xib */,
			);
			path = ProgressCardTableViewCell;
			sourceTree = "<group>";
		};
		82E5A9EC297DC44500F249A9 = {
			isa = PBXGroup;
			children = (
				82E5A9F7297DC44500F249A9 /* Renova */,
				82E5A9F6297DC44500F249A9 /* Products */,
			);
			sourceTree = "<group>";
		};
		82E5A9F6297DC44500F249A9 /* Products */ = {
			isa = PBXGroup;
			children = (
				82E5A9F5297DC44500F249A9 /* Renova.app */,
			);
			name = Products;
			sourceTree = "<group>";
		};
		82E5A9F7297DC44500F249A9 /* Renova */ = {
			isa = PBXGroup;
			children = (
				820F33402980A88E0055B132 /* Singletons */,
				8277070E2980253D00B53595 /* Tabbar */,
				8282C44D297EFCF600E0B4EF /* Enums */,
				82E5AA11297DCE5A00F249A9 /* Controllers */,
				82136B50297DD37800EAF1E0 /* Extensions */,
				8282C43D297EDACE00E0B4EF /* GoogleService-Info.plist */,
				82E5AA06297DC44900F249A9 /* Info.plist */,
				8282C434297E180D00E0B4EF /* Model */,
				82E5AA12297DCEAE00F249A9 /* Resources */,
				8282C43F297EDB8A00E0B4EF /* Utils */,
			);
			path = Renova;
			sourceTree = "<group>";
		};
		82E5AA11297DCE5A00F249A9 /* Controllers */ = {
			isa = PBXGroup;
			children = (
				82B0200F2986B06500FEAF67 /* BaseViewController */,
				82F8F227298458EE001E911E /* Settings */,
				82F8F226298458E8001E911E /* Progress */,
				828A68162981A8170013A4AF /* NewGoal */,
				8282C444297EFA4300E0B4EF /* Home */,
				82136B53297DDAEC00EAF1E0 /* Register */,
				82E5AA13297DCEE500F249A9 /* Login */,
			);
			path = Controllers;
			sourceTree = "<group>";
		};
		82E5AA12297DCEAE00F249A9 /* Resources */ = {
			isa = PBXGroup;
			children = (
				82E5AA01297DC44800F249A9 /* Assets.xcassets */,
				82E5AA03297DC44800F249A9 /* LaunchScreen.storyboard */,
				82E5A9F8297DC44500F249A9 /* AppDelegate.swift */,
				82E5A9FA297DC44500F249A9 /* SceneDelegate.swift */,
			);
			path = Resources;
			sourceTree = "<group>";
		};
		82E5AA13297DCEE500F249A9 /* Login */ = {
			isa = PBXGroup;
			children = (
				8282C437297EC63A00E0B4EF /* TableViewCell */,
				82E5AA15297DCEF200F249A9 /* LoginView */,
				82E5AA16297DCF0500F249A9 /* LoginViewController */,
				82E5AA14297DCEEB00F249A9 /* LoginViewModel */,
			);
			path = Login;
			sourceTree = "<group>";
		};
		82E5AA14297DCEEB00F249A9 /* LoginViewModel */ = {
			isa = PBXGroup;
			children = (
				8282C44B297EFB9400E0B4EF /* LoginViewModel.swift */,
			);
			path = LoginViewModel;
			sourceTree = "<group>";
		};
		82E5AA15297DCEF200F249A9 /* LoginView */ = {
			isa = PBXGroup;
			children = (
				82136B4E297DD06400EAF1E0 /* LoginView.swift */,
			);
			path = LoginView;
			sourceTree = "<group>";
		};
		82E5AA16297DCF0500F249A9 /* LoginViewController */ = {
			isa = PBXGroup;
			children = (
				82136B4B297DCFFD00EAF1E0 /* LoginViewController.swift */,
			);
			path = LoginViewController;
			sourceTree = "<group>";
		};
		82F8F2062981D299001E911E /* DaysOfTheWeekCollectionViewCell */ = {
			isa = PBXGroup;
			children = (
				82F8F2072981D2B4001E911E /* DaysOfTheWeekCollectionViewCell.swift */,
				82F8F2082981D2B4001E911E /* DaysOfTheWeekCollectionViewCell.xib */,
			);
			path = DaysOfTheWeekCollectionViewCell;
			sourceTree = "<group>";
		};
		82F8F20B2982CDD9001E911E /* ReminderTableViewCell */ = {
			isa = PBXGroup;
			children = (
				82F8F20C2982CDF5001E911E /* ReminderTableViewCell.swift */,
				82F8F20D2982CDF5001E911E /* ReminderTableViewCell.xib */,
			);
			path = ReminderTableViewCell;
			sourceTree = "<group>";
		};
		82F8F21029830642001E911E /* SaveGoalCell */ = {
			isa = PBXGroup;
			children = (
				82F8F2112983065A001E911E /* SaveGoalTableViewCell.swift */,
				82F8F2122983065A001E911E /* SaveGoalTableViewCell.xib */,
			);
			path = SaveGoalCell;
			sourceTree = "<group>";
		};
		82F8F226298458E8001E911E /* Progress */ = {
			isa = PBXGroup;
			children = (
				82F8F22D29845914001E911E /* ProgressViewModel */,
				82F8F22C29845911001E911E /* ProgressView */,
				82F8F22B2984590B001E911E /* ProgressViewController */,
			);
			path = Progress;
			sourceTree = "<group>";
		};
		82F8F227298458EE001E911E /* Settings */ = {
			isa = PBXGroup;
			children = (
				82F8F22A29845906001E911E /* SettingsViewModel */,
				82F8F22929845900001E911E /* SettingsView */,
				82F8F228298458FB001E911E /* SettingsViewController */,
			);
			path = Settings;
			sourceTree = "<group>";
		};
		82F8F228298458FB001E911E /* SettingsViewController */ = {
			isa = PBXGroup;
			children = (
				82F8F23429845A0F001E911E /* SettingsViewController.swift */,
			);
			path = SettingsViewController;
			sourceTree = "<group>";
		};
		82F8F22929845900001E911E /* SettingsView */ = {
			isa = PBXGroup;
			children = (
				82F8F232298459FC001E911E /* SettingsView.swift */,
			);
			path = SettingsView;
			sourceTree = "<group>";
		};
		82F8F22A29845906001E911E /* SettingsViewModel */ = {
			isa = PBXGroup;
			children = (
			);
			path = SettingsViewModel;
			sourceTree = "<group>";
		};
		82F8F22B2984590B001E911E /* ProgressViewController */ = {
			isa = PBXGroup;
			children = (
				82F8F230298459DE001E911E /* ProgressViewController.swift */,
			);
			path = ProgressViewController;
			sourceTree = "<group>";
		};
		82F8F22C29845911001E911E /* ProgressView */ = {
			isa = PBXGroup;
			children = (
				82F8F22E298459C0001E911E /* ProgressView.swift */,
			);
			path = ProgressView;
			sourceTree = "<group>";
		};
		82F8F22D29845914001E911E /* ProgressViewModel */ = {
			isa = PBXGroup;
			children = (
			);
			path = ProgressViewModel;
			sourceTree = "<group>";
		};
/* End PBXGroup section */

/* Begin PBXNativeTarget section */
		82E5A9F4297DC44500F249A9 /* Renova */ = {
			isa = PBXNativeTarget;
			buildConfigurationList = 82E5AA09297DC44900F249A9 /* Build configuration list for PBXNativeTarget "Renova" */;
			buildPhases = (
				82E5A9F1297DC44500F249A9 /* Sources */,
				82E5A9F2297DC44500F249A9 /* Frameworks */,
				82E5A9F3297DC44500F249A9 /* Resources */,
			);
			buildRules = (
			);
			dependencies = (
			);
			name = Renova;
			packageProductDependencies = (
				82E5AA0D297DC94B00F249A9 /* FirebaseAuth */,
				82E5AA0F297DC94B00F249A9 /* FirebaseFirestore */,
				828A681029816C8D0013A4AF /* GoogleSignIn */,
				828A681229816C8D0013A4AF /* GoogleSignInSwift */,
			);
			productName = Renova;
			productReference = 82E5A9F5297DC44500F249A9 /* Renova.app */;
			productType = "com.apple.product-type.application";
		};
/* End PBXNativeTarget section */

/* Begin PBXProject section */
		82E5A9ED297DC44500F249A9 /* Project object */ = {
			isa = PBXProject;
			attributes = {
				BuildIndependentTargetsInParallel = 1;
				LastSwiftUpdateCheck = 1400;
				LastUpgradeCheck = 1400;
				TargetAttributes = {
					82E5A9F4297DC44500F249A9 = {
						CreatedOnToolsVersion = 14.0;
					};
				};
			};
			buildConfigurationList = 82E5A9F0297DC44500F249A9 /* Build configuration list for PBXProject "Renova" */;
			compatibilityVersion = "Xcode 14.0";
			developmentRegion = en;
			hasScannedForEncodings = 0;
			knownRegions = (
				en,
				Base,
			);
			mainGroup = 82E5A9EC297DC44500F249A9;
			packageReferences = (
				82E5AA0C297DC94B00F249A9 /* XCRemoteSwiftPackageReference "firebase-ios-sdk" */,
				828A680F29816C8D0013A4AF /* XCRemoteSwiftPackageReference "GoogleSignIn-iOS" */,
			);
			productRefGroup = 82E5A9F6297DC44500F249A9 /* Products */;
			projectDirPath = "";
			projectRoot = "";
			targets = (
				82E5A9F4297DC44500F249A9 /* Renova */,
			);
		};
/* End PBXProject section */

/* Begin PBXResourcesBuildPhase section */
		82E5A9F3297DC44500F249A9 /* Resources */ = {
			isa = PBXResourcesBuildPhase;
			buildActionMask = 2147483647;
			files = (
				82E5AA05297DC44800F249A9 /* LaunchScreen.storyboard in Resources */,
				824372E32981B889007EA51B /* FrequencyTableViewCell.xib in Resources */,
				8282C43C297EC65800E0B4EF /* LoginTableViewCell.xib in Resources */,
				82E0BF4C2986EAC10077FC10 /* ProgressCardTableViewCell.xib in Resources */,
				82F8F2142983065A001E911E /* SaveGoalTableViewCell.xib in Resources */,
				828A68262981B4720013A4AF /* NewGoalDetailsTableViewCell.xib in Resources */,
				8282C43E297EDACF00E0B4EF /* GoogleService-Info.plist in Resources */,
				82F8F20F2982CDF5001E911E /* ReminderTableViewCell.xib in Resources */,
				82136B5F297E0B0500EAF1E0 /* RegisterTableViewCell.xib in Resources */,
				82F8F20A2981D2B4001E911E /* DaysOfTheWeekCollectionViewCell.xib in Resources */,
				82E5AA02297DC44800F249A9 /* Assets.xcassets in Resources */,
			);
			runOnlyForDeploymentPostprocessing = 0;
		};
/* End PBXResourcesBuildPhase section */

/* Begin PBXSourcesBuildPhase section */
		82E5A9F1297DC44500F249A9 /* Sources */ = {
			isa = PBXSourcesBuildPhase;
			buildActionMask = 2147483647;
			files = (
				8282C433297E168100E0B4EF /* RegisterViewModel.swift in Sources */,
				82136B4C297DCFFD00EAF1E0 /* LoginViewController.swift in Sources */,
				82B020112986B07700FEAF67 /* BaseViewController.swift in Sources */,
				827707102980256A00B53595 /* MainTabBarController.swift in Sources */,
				82E5A9F9297DC44500F249A9 /* AppDelegate.swift in Sources */,
				82F8F216298312A2001E911E /* NewGoalViewModel.swift in Sources */,
				8282C44A297EFA8900E0B4EF /* HomeView.swift in Sources */,
				82F8F22F298459C0001E911E /* ProgressView.swift in Sources */,
				82F8F23529845A0F001E911E /* SettingsViewController.swift in Sources */,
				8282C44C297EFB9400E0B4EF /* LoginViewModel.swift in Sources */,
				82136B4F297DD06400EAF1E0 /* LoginView.swift in Sources */,
				82136B5A297DDC2C00EAF1E0 /* RegisterView.swift in Sources */,
				8282C446297EFA4D00E0B4EF /* HomeViewController.swift in Sources */,
				82F8F20E2982CDF5001E911E /* ReminderTableViewCell.swift in Sources */,
				828A681D2981A8650013A4AF /* NewGoalViewController.swift in Sources */,
				82F8F21829831323001E911E /* HabitData.swift in Sources */,
				824372E22981B889007EA51B /* FrequencyTableViewCell.swift in Sources */,
				82F8F231298459DE001E911E /* ProgressViewController.swift in Sources */,
				8282C443297EDDD900E0B4EF /* Alert.swift in Sources */,
				8282C436297E181F00E0B4EF /* Forms.swift in Sources */,
				82136B58297DDC1800EAF1E0 /* RegisterViewController.swift in Sources */,
				828A68182981A8250013A4AF /* NewGoalView.swift in Sources */,
				828A68252981B4720013A4AF /* NewGoalDetailsTableViewCell.swift in Sources */,
				82F8F2132983065A001E911E /* SaveGoalTableViewCell.swift in Sources */,
				8282C44F297EFD0A00E0B4EF /* AuthenticationErrors.swift in Sources */,
				82E5A9FB297DC44500F249A9 /* SceneDelegate.swift in Sources */,
				82F8F2092981D2B4001E911E /* DaysOfTheWeekCollectionViewCell.swift in Sources */,
				82136B5E297E0B0500EAF1E0 /* RegisterTableViewCell.swift in Sources */,
				82E0BF4B2986EAC10077FC10 /* ProgressCardTableViewCell.swift in Sources */,
				820F33422980A89E0055B132 /* UserId.swift in Sources */,
				8282C441297EDB9700E0B4EF /* RegEx.swift in Sources */,
				82136B52297DD38700EAF1E0 /* UIColor+.swift in Sources */,
				82F8F233298459FC001E911E /* SettingsView.swift in Sources */,
				8282C43B297EC65800E0B4EF /* LoginTableViewCell.swift in Sources */,
			);
			runOnlyForDeploymentPostprocessing = 0;
		};
/* End PBXSourcesBuildPhase section */

/* Begin PBXVariantGroup section */
		82E5AA03297DC44800F249A9 /* LaunchScreen.storyboard */ = {
			isa = PBXVariantGroup;
			children = (
				82E5AA04297DC44800F249A9 /* Base */,
			);
			name = LaunchScreen.storyboard;
			sourceTree = "<group>";
		};
/* End PBXVariantGroup section */

/* Begin XCBuildConfiguration section */
		82E5AA07297DC44900F249A9 /* Debug */ = {
			isa = XCBuildConfiguration;
			buildSettings = {
				ALWAYS_SEARCH_USER_PATHS = NO;
				CLANG_ANALYZER_NONNULL = YES;
				CLANG_ANALYZER_NUMBER_OBJECT_CONVERSION = YES_AGGRESSIVE;
				CLANG_CXX_LANGUAGE_STANDARD = "gnu++20";
				CLANG_ENABLE_MODULES = YES;
				CLANG_ENABLE_OBJC_ARC = YES;
				CLANG_ENABLE_OBJC_WEAK = YES;
				CLANG_WARN_BLOCK_CAPTURE_AUTORELEASING = YES;
				CLANG_WARN_BOOL_CONVERSION = YES;
				CLANG_WARN_COMMA = YES;
				CLANG_WARN_CONSTANT_CONVERSION = YES;
				CLANG_WARN_DEPRECATED_OBJC_IMPLEMENTATIONS = YES;
				CLANG_WARN_DIRECT_OBJC_ISA_USAGE = YES_ERROR;
				CLANG_WARN_DOCUMENTATION_COMMENTS = YES;
				CLANG_WARN_EMPTY_BODY = YES;
				CLANG_WARN_ENUM_CONVERSION = YES;
				CLANG_WARN_INFINITE_RECURSION = YES;
				CLANG_WARN_INT_CONVERSION = YES;
				CLANG_WARN_NON_LITERAL_NULL_CONVERSION = YES;
				CLANG_WARN_OBJC_IMPLICIT_RETAIN_SELF = YES;
				CLANG_WARN_OBJC_LITERAL_CONVERSION = YES;
				CLANG_WARN_OBJC_ROOT_CLASS = YES_ERROR;
				CLANG_WARN_QUOTED_INCLUDE_IN_FRAMEWORK_HEADER = YES;
				CLANG_WARN_RANGE_LOOP_ANALYSIS = YES;
				CLANG_WARN_STRICT_PROTOTYPES = YES;
				CLANG_WARN_SUSPICIOUS_MOVE = YES;
				CLANG_WARN_UNGUARDED_AVAILABILITY = YES_AGGRESSIVE;
				CLANG_WARN_UNREACHABLE_CODE = YES;
				CLANG_WARN__DUPLICATE_METHOD_MATCH = YES;
				COPY_PHASE_STRIP = NO;
				DEBUG_INFORMATION_FORMAT = dwarf;
				ENABLE_STRICT_OBJC_MSGSEND = YES;
				ENABLE_TESTABILITY = YES;
				GCC_C_LANGUAGE_STANDARD = gnu11;
				GCC_DYNAMIC_NO_PIC = NO;
				GCC_NO_COMMON_BLOCKS = YES;
				GCC_OPTIMIZATION_LEVEL = 0;
				GCC_PREPROCESSOR_DEFINITIONS = (
					"DEBUG=1",
					"$(inherited)",
				);
				GCC_WARN_64_TO_32_BIT_CONVERSION = YES;
				GCC_WARN_ABOUT_RETURN_TYPE = YES_ERROR;
				GCC_WARN_UNDECLARED_SELECTOR = YES;
				GCC_WARN_UNINITIALIZED_AUTOS = YES_AGGRESSIVE;
				GCC_WARN_UNUSED_FUNCTION = YES;
				GCC_WARN_UNUSED_VARIABLE = YES;
				IPHONEOS_DEPLOYMENT_TARGET = 16.0;
				MTL_ENABLE_DEBUG_INFO = INCLUDE_SOURCE;
				MTL_FAST_MATH = YES;
				ONLY_ACTIVE_ARCH = YES;
				SDKROOT = iphoneos;
				SWIFT_ACTIVE_COMPILATION_CONDITIONS = DEBUG;
				SWIFT_OPTIMIZATION_LEVEL = "-Onone";
			};
			name = Debug;
		};
		82E5AA08297DC44900F249A9 /* Release */ = {
			isa = XCBuildConfiguration;
			buildSettings = {
				ALWAYS_SEARCH_USER_PATHS = NO;
				CLANG_ANALYZER_NONNULL = YES;
				CLANG_ANALYZER_NUMBER_OBJECT_CONVERSION = YES_AGGRESSIVE;
				CLANG_CXX_LANGUAGE_STANDARD = "gnu++20";
				CLANG_ENABLE_MODULES = YES;
				CLANG_ENABLE_OBJC_ARC = YES;
				CLANG_ENABLE_OBJC_WEAK = YES;
				CLANG_WARN_BLOCK_CAPTURE_AUTORELEASING = YES;
				CLANG_WARN_BOOL_CONVERSION = YES;
				CLANG_WARN_COMMA = YES;
				CLANG_WARN_CONSTANT_CONVERSION = YES;
				CLANG_WARN_DEPRECATED_OBJC_IMPLEMENTATIONS = YES;
				CLANG_WARN_DIRECT_OBJC_ISA_USAGE = YES_ERROR;
				CLANG_WARN_DOCUMENTATION_COMMENTS = YES;
				CLANG_WARN_EMPTY_BODY = YES;
				CLANG_WARN_ENUM_CONVERSION = YES;
				CLANG_WARN_INFINITE_RECURSION = YES;
				CLANG_WARN_INT_CONVERSION = YES;
				CLANG_WARN_NON_LITERAL_NULL_CONVERSION = YES;
				CLANG_WARN_OBJC_IMPLICIT_RETAIN_SELF = YES;
				CLANG_WARN_OBJC_LITERAL_CONVERSION = YES;
				CLANG_WARN_OBJC_ROOT_CLASS = YES_ERROR;
				CLANG_WARN_QUOTED_INCLUDE_IN_FRAMEWORK_HEADER = YES;
				CLANG_WARN_RANGE_LOOP_ANALYSIS = YES;
				CLANG_WARN_STRICT_PROTOTYPES = YES;
				CLANG_WARN_SUSPICIOUS_MOVE = YES;
				CLANG_WARN_UNGUARDED_AVAILABILITY = YES_AGGRESSIVE;
				CLANG_WARN_UNREACHABLE_CODE = YES;
				CLANG_WARN__DUPLICATE_METHOD_MATCH = YES;
				COPY_PHASE_STRIP = NO;
				DEBUG_INFORMATION_FORMAT = "dwarf-with-dsym";
				ENABLE_NS_ASSERTIONS = NO;
				ENABLE_STRICT_OBJC_MSGSEND = YES;
				GCC_C_LANGUAGE_STANDARD = gnu11;
				GCC_NO_COMMON_BLOCKS = YES;
				GCC_WARN_64_TO_32_BIT_CONVERSION = YES;
				GCC_WARN_ABOUT_RETURN_TYPE = YES_ERROR;
				GCC_WARN_UNDECLARED_SELECTOR = YES;
				GCC_WARN_UNINITIALIZED_AUTOS = YES_AGGRESSIVE;
				GCC_WARN_UNUSED_FUNCTION = YES;
				GCC_WARN_UNUSED_VARIABLE = YES;
				IPHONEOS_DEPLOYMENT_TARGET = 16.0;
				MTL_ENABLE_DEBUG_INFO = NO;
				MTL_FAST_MATH = YES;
				SDKROOT = iphoneos;
				SWIFT_COMPILATION_MODE = wholemodule;
				SWIFT_OPTIMIZATION_LEVEL = "-O";
				VALIDATE_PRODUCT = YES;
			};
			name = Release;
		};
		82E5AA0A297DC44900F249A9 /* Debug */ = {
			isa = XCBuildConfiguration;
			buildSettings = {
				ASSETCATALOG_COMPILER_APPICON_NAME = AppIcon;
				ASSETCATALOG_COMPILER_GLOBAL_ACCENT_COLOR_NAME = AccentColor;
				CODE_SIGN_STYLE = Automatic;
				CURRENT_PROJECT_VERSION = 1;
				DEVELOPMENT_TEAM = X2R4Q8ATZU;
				GENERATE_INFOPLIST_FILE = YES;
				INFOPLIST_FILE = Renova/Info.plist;
				INFOPLIST_KEY_UIApplicationSupportsIndirectInputEvents = YES;
				INFOPLIST_KEY_UILaunchStoryboardName = LaunchScreen;
				INFOPLIST_KEY_UISupportedInterfaceOrientations_iPad = "UIInterfaceOrientationPortrait UIInterfaceOrientationPortraitUpsideDown UIInterfaceOrientationLandscapeLeft UIInterfaceOrientationLandscapeRight";
				INFOPLIST_KEY_UISupportedInterfaceOrientations_iPhone = "UIInterfaceOrientationPortrait UIInterfaceOrientationLandscapeLeft UIInterfaceOrientationLandscapeRight";
				LD_RUNPATH_SEARCH_PATHS = (
					"$(inherited)",
					"@executable_path/Frameworks",
				);
				MARKETING_VERSION = 1.0;
				PRODUCT_BUNDLE_IDENTIFIER = gmail.igormedfer.Renova;
				PRODUCT_NAME = "$(TARGET_NAME)";
				SWIFT_EMIT_LOC_STRINGS = YES;
				SWIFT_VERSION = 5.0;
				TARGETED_DEVICE_FAMILY = "1,2";
			};
			name = Debug;
		};
		82E5AA0B297DC44900F249A9 /* Release */ = {
			isa = XCBuildConfiguration;
			buildSettings = {
				ASSETCATALOG_COMPILER_APPICON_NAME = AppIcon;
				ASSETCATALOG_COMPILER_GLOBAL_ACCENT_COLOR_NAME = AccentColor;
				CODE_SIGN_STYLE = Automatic;
				CURRENT_PROJECT_VERSION = 1;
				DEVELOPMENT_TEAM = X2R4Q8ATZU;
				GENERATE_INFOPLIST_FILE = YES;
				INFOPLIST_FILE = Renova/Info.plist;
				INFOPLIST_KEY_UIApplicationSupportsIndirectInputEvents = YES;
				INFOPLIST_KEY_UILaunchStoryboardName = LaunchScreen;
				INFOPLIST_KEY_UISupportedInterfaceOrientations_iPad = "UIInterfaceOrientationPortrait UIInterfaceOrientationPortraitUpsideDown UIInterfaceOrientationLandscapeLeft UIInterfaceOrientationLandscapeRight";
				INFOPLIST_KEY_UISupportedInterfaceOrientations_iPhone = "UIInterfaceOrientationPortrait UIInterfaceOrientationLandscapeLeft UIInterfaceOrientationLandscapeRight";
				LD_RUNPATH_SEARCH_PATHS = (
					"$(inherited)",
					"@executable_path/Frameworks",
				);
				MARKETING_VERSION = 1.0;
				PRODUCT_BUNDLE_IDENTIFIER = gmail.igormedfer.Renova;
				PRODUCT_NAME = "$(TARGET_NAME)";
				SWIFT_EMIT_LOC_STRINGS = YES;
				SWIFT_VERSION = 5.0;
				TARGETED_DEVICE_FAMILY = "1,2";
			};
			name = Release;
		};
/* End XCBuildConfiguration section */

/* Begin XCConfigurationList section */
		82E5A9F0297DC44500F249A9 /* Build configuration list for PBXProject "Renova" */ = {
			isa = XCConfigurationList;
			buildConfigurations = (
				82E5AA07297DC44900F249A9 /* Debug */,
				82E5AA08297DC44900F249A9 /* Release */,
			);
			defaultConfigurationIsVisible = 0;
			defaultConfigurationName = Release;
		};
		82E5AA09297DC44900F249A9 /* Build configuration list for PBXNativeTarget "Renova" */ = {
			isa = XCConfigurationList;
			buildConfigurations = (
				82E5AA0A297DC44900F249A9 /* Debug */,
				82E5AA0B297DC44900F249A9 /* Release */,
			);
			defaultConfigurationIsVisible = 0;
			defaultConfigurationName = Release;
		};
/* End XCConfigurationList section */

/* Begin XCRemoteSwiftPackageReference section */
		828A680F29816C8D0013A4AF /* XCRemoteSwiftPackageReference "GoogleSignIn-iOS" */ = {
			isa = XCRemoteSwiftPackageReference;
			repositoryURL = "https://github.com/google/GoogleSignIn-iOS";
			requirement = {
				kind = upToNextMajorVersion;
				minimumVersion = 7.0.0;
			};
		};
		82E5AA0C297DC94B00F249A9 /* XCRemoteSwiftPackageReference "firebase-ios-sdk" */ = {
			isa = XCRemoteSwiftPackageReference;
			repositoryURL = "https://github.com/firebase/firebase-ios-sdk.git";
			requirement = {
				kind = upToNextMajorVersion;
				minimumVersion = 9.0.0;
			};
		};
/* End XCRemoteSwiftPackageReference section */

/* Begin XCSwiftPackageProductDependency section */
		828A681029816C8D0013A4AF /* GoogleSignIn */ = {
			isa = XCSwiftPackageProductDependency;
			package = 828A680F29816C8D0013A4AF /* XCRemoteSwiftPackageReference "GoogleSignIn-iOS" */;
			productName = GoogleSignIn;
		};
		828A681229816C8D0013A4AF /* GoogleSignInSwift */ = {
			isa = XCSwiftPackageProductDependency;
			package = 828A680F29816C8D0013A4AF /* XCRemoteSwiftPackageReference "GoogleSignIn-iOS" */;
			productName = GoogleSignInSwift;
		};
		82E5AA0D297DC94B00F249A9 /* FirebaseAuth */ = {
			isa = XCSwiftPackageProductDependency;
			package = 82E5AA0C297DC94B00F249A9 /* XCRemoteSwiftPackageReference "firebase-ios-sdk" */;
			productName = FirebaseAuth;
		};
		82E5AA0F297DC94B00F249A9 /* FirebaseFirestore */ = {
			isa = XCSwiftPackageProductDependency;
			package = 82E5AA0C297DC94B00F249A9 /* XCRemoteSwiftPackageReference "firebase-ios-sdk" */;
			productName = FirebaseFirestore;
		};
/* End XCSwiftPackageProductDependency section */
	};
	rootObject = 82E5A9ED297DC44500F249A9 /* Project object */;
}
